
Microsoft Visual Studio Solution File, Format Version 12.00
Project("{FAE04EC0-301F-11D3-BF4B-00C04F79EFBC}") = "TestApi", "TestApi\TestApi.csproj", "{C8AA136E-4E1B-4269-B046-53870AF20E60}"
EndProject
Project("{FAE04EC0-301F-11D3-BF4B-00C04F79EFBC}") = "Core", "Core\Core.csproj", "{96B59435-48D6-4A1F-8F4C-56F6A94A382B}"
EndProject
Global
	GlobalSection(SolutionConfigurationPlatforms) = preSolution
		Debug|Any CPU = Debug|Any CPU
		Release|Any CPU = Release|Any CPU
	EndGlobalSection
	GlobalSection(ProjectConfigurationPlatforms) = postSolution
		{C8AA136E-4E1B-4269-B046-53870AF20E60}.Debug|Any CPU.ActiveCfg = Debug|Any CPU
		{C8AA136E-4E1B-4269-B046-53870AF20E60}.Debug|Any CPU.Build.0 = Debug|Any CPU
		{C8AA136E-4E1B-4269-B046-53870AF20E60}.Release|Any CPU.ActiveCfg = Release|Any CPU
		{C8AA136E-4E1B-4269-B046-53870AF20E60}.Release|Any CPU.Build.0 = Release|Any CPU
		{96B59435-48D6-4A1F-8F4C-56F6A94A382B}.Debug|Any CPU.ActiveCfg = Debug|Any CPU
		{96B59435-48D6-4A1F-8F4C-56F6A94A382B}.Debug|Any CPU.Build.0 = Debug|Any CPU
		{96B59435-48D6-4A1F-8F4C-56F6A94A382B}.Release|Any CPU.ActiveCfg = Release|Any CPU
		{96B59435-48D6-4A1F-8F4C-56F6A94A382B}.Release|Any CPU.Build.0 = Release|Any CPU
	EndGlobalSection
EndGlobal
